
Microsoft Visual Studio Solution File, Format Version 12.00
# Visual Studio Version 16
VisualStudioVersion = 16.0.30204.135
MinimumVisualStudioVersion = 10.0.40219.1
Project("{FAE04EC0-301F-11D3-BF4B-00C04F79EFBC}") = "Qucs Data Exporter", "Qucs Data Exporter\Qucs Data Exporter.csproj", "{1977CE79-27CB-4FB0-8CB8-5490725CEC9C}"
EndProject
Global
	GlobalSection(SolutionConfigurationPlatforms) = preSolution
		Debug|Any CPU = Debug|Any CPU
		Release|Any CPU = Release|Any CPU
	EndGlobalSection
	GlobalSection(ProjectConfigurationPlatforms) = postSolution
		{1977CE79-27CB-4FB0-8CB8-5490725CEC9C}.Debug|Any CPU.ActiveCfg = Debug|Any CPU
		{1977CE79-27CB-4FB0-8CB8-5490725CEC9C}.Debug|Any CPU.Build.0 = Debug|Any CPU
		{1977CE79-27CB-4FB0-8CB8-5490725CEC9C}.Release|Any CPU.ActiveCfg = Release|Any CPU
		{1977CE79-27CB-4FB0-8CB8-5490725CEC9C}.Release|Any CPU.Build.0 = Release|Any CPU
	EndGlobalSection
	GlobalSection(SolutionProperties) = preSolution
		HideSolutionNode = FALSE
	EndGlobalSection
	GlobalSection(ExtensibilityGlobals) = postSolution
		SolutionGuid = {887656D3-7FC6-46B1-BB4E-CC8B1AE06AE6}
	EndGlobalSection
EndGlobal
